<Solution>
  <Folder Name="/src/">
    <Project Path="src/JustOne.AppHost/JustOne.AppHost.csproj" />
    <Project Path="src/JustOne.Core/JustOne.Core.csproj" />
    <Project Path="src/JustOne.ServiceDefaults/JustOne.ServiceDefaults.csproj" />
    <Project Path="src/JustOne.Web/JustOne.Web.csproj" />
  </Folder>
  <Folder Name="/tests/">
    <Project Path="tests/JustOne.Core.Tests/JustOne.Core.Tests.csproj" />
  </Folder>
</Solution>
